
Microsoft Visual Studio Solution File, Format Version 12.00
# Visual Studio Version 16
VisualStudioVersion = 16.0.32228.343
MinimumVisualStudioVersion = 10.0.40219.1
Project("{FAE04EC0-301F-11D3-BF4B-00C04F79EFBC}") = "RepasoGeneral", "RepasoGeneral.csproj", "{613D28F6-9CBD-4981-8CF4-27355B8A44A3}"
EndProject
Global
	GlobalSection(SolutionConfigurationPlatforms) = preSolution
		Debug|Any CPU = Debug|Any CPU
		Release|Any CPU = Release|Any CPU
	EndGlobalSection
	GlobalSection(ProjectConfigurationPlatforms) = postSolution
		{613D28F6-9CBD-4981-8CF4-27355B8A44A3}.Debug|Any CPU.ActiveCfg = Debug|Any CPU
		{613D28F6-9CBD-4981-8CF4-27355B8A44A3}.Debug|Any CPU.Build.0 = Debug|Any CPU
		{613D28F6-9CBD-4981-8CF4-27355B8A44A3}.Release|Any CPU.ActiveCfg = Release|Any CPU
		{613D28F6-9CBD-4981-8CF4-27355B8A44A3}.Release|Any CPU.Build.0 = Release|Any CPU
	EndGlobalSection
	GlobalSection(SolutionProperties) = preSolution
		HideSolutionNode = FALSE
	EndGlobalSection
	GlobalSection(ExtensibilityGlobals) = postSolution
		SolutionGuid = {25488CB8-F2AC-4B07-A868-A1DCECAE5B48}
	EndGlobalSection
EndGlobal
